# This file is automatically @generated by Cargo.
# It is not intended for manual editing.
version = 4

[[package]]
name = "lexopt"
version = "0.3.1"
source = "registry+https://github.com/rust-lang/crates.io-index"
checksum = "9fa0e2a1fcbe2f6be6c42e342259976206b383122fc152e872795338b5a3f3a7"

[[package]]
name = "size"
version = "0.5.0"
source = "registry+https://github.com/rust-lang/crates.io-index"
checksum = "1b6709c7b6754dca1311b3c73e79fcce40dd414c782c66d88e8823030093b02b"

[[package]]
name = "split-write"
version = "0.0.1"
dependencies = [
 "lexopt",
 "size",
]
